
Microsoft Visual Studio Solution File, Format Version 12.00
# Visual Studio Version 17
VisualStudioVersion = 17.14.37628.2
MinimumVisualStudioVersion = 10.0.40219.1
Project("{2150E333-8FDC-42A3-9474-1A3956D46DE8}") = "Services", "Services", "{02EA681E-C7D8-13C7-8484-4AC65E1B71E8}"
EndProject
Project("{FAE04EC0-301F-11D3-BF4B-00C04F79EFBC}") = "AuthService.Api", "AuthService\AuthService.Api\AuthService.Api.csproj", "{EF10BE86-A207-4091-8241-7BF4C2960D32}"
EndProject
Project("{FAE04EC0-301F-11D3-BF4B-00C04F79EFBC}") = "AuthService.Application", "AuthService\AuthService.Application\AuthService.Application.csproj", "{CB9BED55-567D-4B39-930B-758EA2C644AE}"
EndProject
Project("{FAE04EC0-301F-11D3-BF4B-00C04F79EFBC}") = "AuthService.Domain", "AuthService\AuthService.Domain\AuthService.Domain.csproj", "{FFFBE55E-3670-41E6-8F1D-A6A9D45E5220}"
EndProject
Project("{FAE04EC0-301F-11D3-BF4B-00C04F79EFBC}") = "AuthService.Infrastructure", "AuthService\AuthService.Infrastructure\AuthService.Infrastructure.csproj", "{0FFFEFA1-AA5E-47E0-BEA2-B0313A9051E4}"
EndProject
Project("{2150E333-8FDC-42A3-9474-1A3956D46DE8}") = "AuthService", "AuthService", "{CA56E7A4-DB22-4CEE-961F-70CA007DC62B}"
EndProject
Project("{2150E333-8FDC-42A3-9474-1A3956D46DE8}") = "Items", "Items", "{26E34F25-6FB2-4292-AABC-4BBCEB1161D9}"
EndProject
Project("{FAE04EC0-301F-11D3-BF4B-00C04F79EFBC}") = "Items.Application", "Services\Items\Items.Application\Items.Application.csproj", "{ECB10E9B-FAE2-43DC-B8F1-27E44C16229D}"
EndProject
Project("{FAE04EC0-301F-11D3-BF4B-00C04F79EFBC}") = "Items.Domain", "Services\Items\Items.Domain\Items.Domain.csproj", "{E72859B8-A0FF-4EF4-8834-A492677DA713}"
EndProject
Project("{FAE04EC0-301F-11D3-BF4B-00C04F79EFBC}") = "Items.Infrastructure", "Services\Items\Items.Infrastructure\Items.Infrastructure.csproj", "{0DDFDDCA-E3BF-4D81-B42C-411733911159}"
EndProject
Project("{2150E333-8FDC-42A3-9474-1A3956D46DE8}") = "ItemsPrice", "ItemsPrice", "{832AF205-3674-4C58-AA2F-4D656FDDF584}"
EndProject
Project("{FAE04EC0-301F-11D3-BF4B-00C04F79EFBC}") = "ItemsPrice.API", "Services\ItemsPrice\ItemsPrice.API\ItemsPrice.API.csproj", "{16D2715B-1E2C-4142-9448-0B82C8978C97}"
EndProject
Project("{FAE04EC0-301F-11D3-BF4B-00C04F79EFBC}") = "ItemsPrice.Application", "Services\ItemsPrice\ItemsPrice.Application\ItemsPrice.Application.csproj", "{4C691817-2B8C-4CB6-AC55-3758DEEBB4EA}"
EndProject
Project("{FAE04EC0-301F-11D3-BF4B-00C04F79EFBC}") = "ItemsPrice.Domain", "Services\ItemsPrice\ItemsPrice.Domain\ItemsPrice.Domain.csproj", "{6063C898-85A7-4676-854A-82784BDD3E6C}"
EndProject
Project("{FAE04EC0-301F-11D3-BF4B-00C04F79EFBC}") = "ItemsPrice.Infrastructure", "Services\ItemsPrice\ItemsPrice.Infrastructure\ItemsPrice.Infrastructure.csproj", "{218F08AB-313E-4028-BD3A-9D6EF3844B18}"
EndProject
Project("{2150E333-8FDC-42A3-9474-1A3956D46DE8}") = "ItemsPriceBreakup", "ItemsPriceBreakup", "{7EEA2A66-E6A8-49C2-A5A5-75D72A88A359}"
EndProject
Project("{FAE04EC0-301F-11D3-BF4B-00C04F79EFBC}") = "ItemsPriceBreakup.API", "Services\ItemsPriceBreakup\ItemsPriceBreakup.API\ItemsPriceBreakup.API.csproj", "{E35D4DEF-7FA8-4693-8CAF-1036871EBB44}"
EndProject
Project("{FAE04EC0-301F-11D3-BF4B-00C04F79EFBC}") = "ItemsPriceBreakup.Application", "Services\ItemsPriceBreakup\ItemsPriceBreakup.Application\ItemsPriceBreakup.Application.csproj", "{7A314693-5409-431D-A23B-D94D3BB9260E}"
EndProject
Project("{FAE04EC0-301F-11D3-BF4B-00C04F79EFBC}") = "ItemsPriceBreakup.Domain", "Services\ItemsPriceBreakup\ItemsPriceBreakup.Domain\ItemsPriceBreakup.Domain.csproj", "{10854E14-EECF-4EFC-8DEA-8D4B177E4023}"
EndProject
Project("{FAE04EC0-301F-11D3-BF4B-00C04F79EFBC}") = "ItemsPriceBreakup.Infrastruture", "Services\ItemsPriceBreakup\ItemsPriceBreakup.Infrastruture\ItemsPriceBreakup.Infrastruture.csproj", "{9C3A46A1-C71E-48F4-8E92-BD3EB36CB450}"
EndProject
Project("{2150E333-8FDC-42A3-9474-1A3956D46DE8}") = "Accessory", "Accessory", "{75BE548C-56BD-40D7-A222-3953AFE4CF86}"
EndProject
Project("{FAE04EC0-301F-11D3-BF4B-00C04F79EFBC}") = "Accessory.API", "Services\Accessory\Accessory.API\Accessory.API.csproj", "{99146B2C-EA07-4D0B-A533-28CEB9618977}"
EndProject
Project("{FAE04EC0-301F-11D3-BF4B-00C04F79EFBC}") = "Accessory.Application", "Services\Accessory\Accessory.Application\Accessory.Application.csproj", "{6E4CB7E5-1BD1-4CE0-AC99-CC952D37E9BE}"
EndProject
Project("{FAE04EC0-301F-11D3-BF4B-00C04F79EFBC}") = "Accessory.Domain", "Services\Accessory\Accessory.Domain\Accessory.Domain.csproj", "{62FF618B-03AB-4828-95FF-B9279747B938}"
EndProject
Project("{FAE04EC0-301F-11D3-BF4B-00C04F79EFBC}") = "Accessory.Infrastructure", "Services\Accessory\Accessory.Infrastructure\Accessory.Infrastructure.csproj", "{11812C4C-22A0-4651-8B78-379CF358576F}"
EndProject
Project("{2150E333-8FDC-42A3-9474-1A3956D46DE8}") = "Dealer", "Dealer", "{92CD4BD1-28B8-4F70-B2F2-46EF88AA190E}"
EndProject
Project("{FAE04EC0-301F-11D3-BF4B-00C04F79EFBC}") = "Dealer.API", "Services\Dealer\Dealer.API\Dealer.API.csproj", "{DFF0B335-8EBF-4020-8CEF-59A88E9B82AC}"
EndProject
Project("{FAE04EC0-301F-11D3-BF4B-00C04F79EFBC}") = "Dealer.Application", "Services\Dealer\Dealer.Application\Dealer.Application.csproj", "{EE9CC81C-A874-47BA-A36D-B0BCCFEDF9E5}"
EndProject
Project("{FAE04EC0-301F-11D3-BF4B-00C04F79EFBC}") = "Dealer.Domain", "Services\Dealer\Dealer.Domain\Dealer.Domain.csproj", "{17C14384-6999-488D-9D97-03FE52FEA67B}"
EndProject
Project("{FAE04EC0-301F-11D3-BF4B-00C04F79EFBC}") = "Dealer.Infrastructure", "Services\Dealer\Dealer.Infrastructure\Dealer.Infrastructure.csproj", "{C60C946C-EB2D-4C30-89BF-12595A150EE5}"
EndProject
Project("{2150E333-8FDC-42A3-9474-1A3956D46DE8}") = "SalesOrder", "SalesOrder", "{4B180D4E-7CD1-4F63-B83C-75DF4A5781F3}"
EndProject
Project("{FAE04EC0-301F-11D3-BF4B-00C04F79EFBC}") = "SalesOrder.API", "Services\SalesOrder\SalesOrder.API\SalesOrder.API.csproj", "{223F4510-372C-495C-AF75-7F5DAF5B8AC1}"
EndProject
Project("{FAE04EC0-301F-11D3-BF4B-00C04F79EFBC}") = "SalesOrder.Application", "Services\SalesOrder\SalesOrder.Appilication\SalesOrder.Application.csproj", "{EAE86673-0CE0-4AB6-B514-7ED07C43AB2F}"
EndProject
Project("{FAE04EC0-301F-11D3-BF4B-00C04F79EFBC}") = "SalesOrder.Domain", "Services\SalesOrder\SalesOrder.Domain\SalesOrder.Domain.csproj", "{47A3DAFC-85C8-4FF0-9A30-CF1BB10F8445}"
EndProject
Project("{FAE04EC0-301F-11D3-BF4B-00C04F79EFBC}") = "SalesOrder.Infrastructure", "Services\SalesOrder\SalesOrder.Infrastructure\SalesOrder.Infrastructure.csproj", "{5439B4C5-9288-4A5C-ABE4-BDA2A29BC316}"
EndProject
Project("{2150E333-8FDC-42A3-9474-1A3956D46DE8}") = "Payment", "Payment", "{58A3529B-F2B3-4A16-A644-849E2A4C8064}"
EndProject
Project("{FAE04EC0-301F-11D3-BF4B-00C04F79EFBC}") = "Payment.API", "Services\Payment\Payment.API\Payment.API.csproj", "{995138D8-A516-452E-8FAB-B7B8972A4BE5}"
EndProject
Project("{FAE04EC0-301F-11D3-BF4B-00C04F79EFBC}") = "Payment.Application", "Services\Payment\Payment.Application\Payment.Application.csproj", "{59C36F91-73F7-4118-8A83-07A98B5480CF}"
EndProject
Project("{FAE04EC0-301F-11D3-BF4B-00C04F79EFBC}") = "Payment.Domain", "..\Services\Payment\Payment.Domain\Payment.Domain.csproj", "{7231E849-8AD1-4D19-B75F-C78755300D0F}"
EndProject
Project("{FAE04EC0-301F-11D3-BF4B-00C04F79EFBC}") = "Payment.Infrastructure", "Services\Payment\Payment.Infrastructure\Payment.Infrastructure.csproj", "{846F3907-46F2-4A92-AD3C-58BFE2C00BD1}"
EndProject
Project("{2150E333-8FDC-42A3-9474-1A3956D46DE8}") = "NotificationServices", "NotificationServices", "{50CA10BE-2707-4E77-A0C9-0A88D564B683}"
EndProject
Project("{FAE04EC0-301F-11D3-BF4B-00C04F79EFBC}") = "NotificationSystem.API", "Services\NotificationSystem\NotificationSystem.API\NotificationSystem.API.csproj", "{FA504D60-8BE7-4D27-9AB1-1830EA96E298}"
EndProject
Project("{FAE04EC0-301F-11D3-BF4B-00C04F79EFBC}") = "NotificationSystem.Application", "Services\NotificationSystem\NotificationSystem.Application\NotificationSystem.Application.csproj", "{2DC1B130-2D35-4A1D-AB15-7EA3AD66F24E}"
EndProject
Project("{FAE04EC0-301F-11D3-BF4B-00C04F79EFBC}") = "NotificationSystem.Domain", "Services\NotificationSystem\NotificationSystem.Domain\NotificationSystem.Domain.csproj", "{2778568F-08DD-4D89-B984-3BF9DDAF496E}"
EndProject
Project("{FAE04EC0-301F-11D3-BF4B-00C04F79EFBC}") = "NotificationSystem.Infrastructure", "Services\NotificationSystem\NotificationSystem.Infrastructure\NotificationSystem.Infrastructure.csproj", "{A7688F2D-AECA-4A56-8F35-BC01D79D7154}"
EndProject
Project("{FAE04EC0-301F-11D3-BF4B-00C04F79EFBC}") = "Items.API", "Services\Items\Items.API\Items.API.csproj", "{B610D8AC-B65F-01AA-4B73-1901DA674FF5}"
EndProject
Global
	GlobalSection(SolutionConfigurationPlatforms) = preSolution
		Debug|Any CPU = Debug|Any CPU
		Release|Any CPU = Release|Any CPU
	EndGlobalSection
	GlobalSection(ProjectConfigurationPlatforms) = postSolution
		{EF10BE86-A207-4091-8241-7BF4C2960D32}.Debug|Any CPU.ActiveCfg = Debug|Any CPU
		{EF10BE86-A207-4091-8241-7BF4C2960D32}.Debug|Any CPU.Build.0 = Debug|Any CPU
		{EF10BE86-A207-4091-8241-7BF4C2960D32}.Release|Any CPU.ActiveCfg = Release|Any CPU
		{EF10BE86-A207-4091-8241-7BF4C2960D32}.Release|Any CPU.Build.0 = Release|Any CPU
		{CB9BED55-567D-4B39-930B-758EA2C644AE}.Debug|Any CPU.ActiveCfg = Debug|Any CPU
		{CB9BED55-567D-4B39-930B-758EA2C644AE}.Debug|Any CPU.Build.0 = Debug|Any CPU
		{CB9BED55-567D-4B39-930B-758EA2C644AE}.Release|Any CPU.ActiveCfg = Release|Any CPU
		{CB9BED55-567D-4B39-930B-758EA2C644AE}.Release|Any CPU.Build.0 = Release|Any CPU
		{FFFBE55E-3670-41E6-8F1D-A6A9D45E5220}.Debug|Any CPU.ActiveCfg = Debug|Any CPU
		{FFFBE55E-3670-41E6-8F1D-A6A9D45E5220}.Debug|Any CPU.Build.0 = Debug|Any CPU
		{FFFBE55E-3670-41E6-8F1D-A6A9D45E5220}.Release|Any CPU.ActiveCfg = Release|Any CPU
		{FFFBE55E-3670-41E6-8F1D-A6A9D45E5220}.Release|Any CPU.Build.0 = Release|Any CPU
		{0FFFEFA1-AA5E-47E0-BEA2-B0313A9051E4}.Debug|Any CPU.ActiveCfg = Debug|Any CPU
		{0FFFEFA1-AA5E-47E0-BEA2-B0313A9051E4}.Debug|Any CPU.Build.0 = Debug|Any CPU
		{0FFFEFA1-AA5E-47E0-BEA2-B0313A9051E4}.Release|Any CPU.ActiveCfg = Release|Any CPU
		{0FFFEFA1-AA5E-47E0-BEA2-B0313A9051E4}.Release|Any CPU.Build.0 = Release|Any CPU
		{ECB10E9B-FAE2-43DC-B8F1-27E44C16229D}.Debug|Any CPU.ActiveCfg = Debug|Any CPU
		{ECB10E9B-FAE2-43DC-B8F1-27E44C16229D}.Debug|Any CPU.Build.0 = Debug|Any CPU
		{ECB10E9B-FAE2-43DC-B8F1-27E44C16229D}.Release|Any CPU.ActiveCfg = Release|Any CPU
		{ECB10E9B-FAE2-43DC-B8F1-27E44C16229D}.Release|Any CPU.Build.0 = Release|Any CPU
		{E72859B8-A0FF-4EF4-8834-A492677DA713}.Debug|Any CPU.ActiveCfg = Debug|Any CPU
		{E72859B8-A0FF-4EF4-8834-A492677DA713}.Debug|Any CPU.Build.0 = Debug|Any CPU
		{E72859B8-A0FF-4EF4-8834-A492677DA713}.Release|Any CPU.ActiveCfg = Release|Any CPU
		{E72859B8-A0FF-4EF4-8834-A492677DA713}.Release|Any CPU.Build.0 = Release|Any CPU
		{0DDFDDCA-E3BF-4D81-B42C-411733911159}.Debug|Any CPU.ActiveCfg = Debug|Any CPU
		{0DDFDDCA-E3BF-4D81-B42C-411733911159}.Debug|Any CPU.Build.0 = Debug|Any CPU
		{0DDFDDCA-E3BF-4D81-B42C-411733911159}.Release|Any CPU.ActiveCfg = Release|Any CPU
		{0DDFDDCA-E3BF-4D81-B42C-411733911159}.Release|Any CPU.Build.0 = Release|Any CPU
		{16D2715B-1E2C-4142-9448-0B82C8978C97}.Debug|Any CPU.ActiveCfg = Debug|Any CPU
		{16D2715B-1E2C-4142-9448-0B82C8978C97}.Debug|Any CPU.Build.0 = Debug|Any CPU
		{16D2715B-1E2C-4142-9448-0B82C8978C97}.Release|Any CPU.ActiveCfg = Release|Any CPU
		{16D2715B-1E2C-4142-9448-0B82C8978C97}.Release|Any CPU.Build.0 = Release|Any CPU
		{4C691817-2B8C-4CB6-AC55-3758DEEBB4EA}.Debug|Any CPU.ActiveCfg = Debug|Any CPU
		{4C691817-2B8C-4CB6-AC55-3758DEEBB4EA}.Debug|Any CPU.Build.0 = Debug|Any CPU
		{4C691817-2B8C-4CB6-AC55-3758DEEBB4EA}.Release|Any CPU.ActiveCfg = Release|Any CPU
		{4C691817-2B8C-4CB6-AC55-3758DEEBB4EA}.Release|Any CPU.Build.0 = Release|Any CPU
		{6063C898-85A7-4676-854A-82784BDD3E6C}.Debug|Any CPU.ActiveCfg = Debug|Any CPU
		{6063C898-85A7-4676-854A-82784BDD3E6C}.Debug|Any CPU.Build.0 = Debug|Any CPU
		{6063C898-85A7-4676-854A-82784BDD3E6C}.Release|Any CPU.ActiveCfg = Release|Any CPU
		{6063C898-85A7-4676-854A-82784BDD3E6C}.Release|Any CPU.Build.0 = Release|Any CPU
		{218F08AB-313E-4028-BD3A-9D6EF3844B18}.Debug|Any CPU.ActiveCfg = Debug|Any CPU
		{218F08AB-313E-4028-BD3A-9D6EF3844B18}.Debug|Any CPU.Build.0 = Debug|Any CPU
		{218F08AB-313E-4028-BD3A-9D6EF3844B18}.Release|Any CPU.ActiveCfg = Release|Any CPU
		{218F08AB-313E-4028-BD3A-9D6EF3844B18}.Release|Any CPU.Build.0 = Release|Any CPU
		{E35D4DEF-7FA8-4693-8CAF-1036871EBB44}.Debug|Any CPU.ActiveCfg = Debug|Any CPU
		{E35D4DEF-7FA8-4693-8CAF-1036871EBB44}.Debug|Any CPU.Build.0 = Debug|Any CPU
		{E35D4DEF-7FA8-4693-8CAF-1036871EBB44}.Release|Any CPU.ActiveCfg = Release|Any CPU
		{E35D4DEF-7FA8-4693-8CAF-1036871EBB44}.Release|Any CPU.Build.0 = Release|Any CPU
		{7A314693-5409-431D-A23B-D94D3BB9260E}.Debug|Any CPU.ActiveCfg = Debug|Any CPU
		{7A314693-5409-431D-A23B-D94D3BB9260E}.Debug|Any CPU.Build.0 = Debug|Any CPU
		{7A314693-5409-431D-A23B-D94D3BB9260E}.Release|Any CPU.ActiveCfg = Release|Any CPU
		{7A314693-5409-431D-A23B-D94D3BB9260E}.Release|Any CPU.Build.0 = Release|Any CPU
		{10854E14-EECF-4EFC-8DEA-8D4B177E4023}.Debug|Any CPU.ActiveCfg = Debug|Any CPU
		{10854E14-EECF-4EFC-8DEA-8D4B177E4023}.Debug|Any CPU.Build.0 = Debug|Any CPU
		{10854E14-EECF-4EFC-8DEA-8D4B177E4023}.Release|Any CPU.ActiveCfg = Release|Any CPU
		{10854E14-EECF-4EFC-8DEA-8D4B177E4023}.Release|Any CPU.Build.0 = Release|Any CPU
		{9C3A46A1-C71E-48F4-8E92-BD3EB36CB450}.Debug|Any CPU.ActiveCfg = Debug|Any CPU
		{9C3A46A1-C71E-48F4-8E92-BD3EB36CB450}.Debug|Any CPU.Build.0 = Debug|Any CPU
		{9C3A46A1-C71E-48F4-8E92-BD3EB36CB450}.Release|Any CPU.ActiveCfg = Release|Any CPU
		{9C3A46A1-C71E-48F4-8E92-BD3EB36CB450}.Release|Any CPU.Build.0 = Release|Any CPU
		{99146B2C-EA07-4D0B-A533-28CEB9618977}.Debug|Any CPU.ActiveCfg = Debug|Any CPU
		{99146B2C-EA07-4D0B-A533-28CEB9618977}.Debug|Any CPU.Build.0 = Debug|Any CPU
		{99146B2C-EA07-4D0B-A533-28CEB9618977}.Release|Any CPU.ActiveCfg = Release|Any CPU
		{99146B2C-EA07-4D0B-A533-28CEB9618977}.Release|Any CPU.Build.0 = Release|Any CPU
		{6E4CB7E5-1BD1-4CE0-AC99-CC952D37E9BE}.Debug|Any CPU.ActiveCfg = Debug|Any CPU
		{6E4CB7E5-1BD1-4CE0-AC99-CC952D37E9BE}.Debug|Any CPU.Build.0 = Debug|Any CPU
		{6E4CB7E5-1BD1-4CE0-AC99-CC952D37E9BE}.Release|Any CPU.ActiveCfg = Release|Any CPU
		{6E4CB7E5-1BD1-4CE0-AC99-CC952D37E9BE}.Release|Any CPU.Build.0 = Release|Any CPU
		{62FF618B-03AB-4828-95FF-B9279747B938}.Debug|Any CPU.ActiveCfg = Debug|Any CPU
		{62FF618B-03AB-4828-95FF-B9279747B938}.Debug|Any CPU.Build.0 = Debug|Any CPU
		{62FF618B-03AB-4828-95FF-B9279747B938}.Release|Any CPU.ActiveCfg = Release|Any CPU
		{62FF618B-03AB-4828-95FF-B9279747B938}.Release|Any CPU.Build.0 = Release|Any CPU
		{11812C4C-22A0-4651-8B78-379CF358576F}.Debug|Any CPU.ActiveCfg = Debug|Any CPU
		{11812C4C-22A0-4651-8B78-379CF358576F}.Debug|Any CPU.Build.0 = Debug|Any CPU
		{11812C4C-22A0-4651-8B78-379CF358576F}.Release|Any CPU.ActiveCfg = Release|Any CPU
		{11812C4C-22A0-4651-8B78-379CF358576F}.Release|Any CPU.Build.0 = Release|Any CPU
		{DFF0B335-8EBF-4020-8CEF-59A88E9B82AC}.Debug|Any CPU.ActiveCfg = Debug|Any CPU
		{DFF0B335-8EBF-4020-8CEF-59A88E9B82AC}.Debug|Any CPU.Build.0 = Debug|Any CPU
		{DFF0B335-8EBF-4020-8CEF-59A88E9B82AC}.Release|Any CPU.ActiveCfg = Release|Any CPU
		{DFF0B335-8EBF-4020-8CEF-59A88E9B82AC}.Release|Any CPU.Build.0 = Release|Any CPU
		{EE9CC81C-A874-47BA-A36D-B0BCCFEDF9E5}.Debug|Any CPU.ActiveCfg = Debug|Any CPU
		{EE9CC81C-A874-47BA-A36D-B0BCCFEDF9E5}.Debug|Any CPU.Build.0 = Debug|Any CPU
		{EE9CC81C-A874-47BA-A36D-B0BCCFEDF9E5}.Release|Any CPU.ActiveCfg = Release|Any CPU
		{EE9CC81C-A874-47BA-A36D-B0BCCFEDF9E5}.Release|Any CPU.Build.0 = Release|Any CPU
		{17C14384-6999-488D-9D97-03FE52FEA67B}.Debug|Any CPU.ActiveCfg = Debug|Any CPU
		{17C14384-6999-488D-9D97-03FE52FEA67B}.Debug|Any CPU.Build.0 = Debug|Any CPU
		{17C14384-6999-488D-9D97-03FE52FEA67B}.Release|Any CPU.ActiveCfg = Release|Any CPU
		{17C14384-6999-488D-9D97-03FE52FEA67B}.Release|Any CPU.Build.0 = Release|Any CPU
		{C60C946C-EB2D-4C30-89BF-12595A150EE5}.Debug|Any CPU.ActiveCfg = Debug|Any CPU
		{C60C946C-EB2D-4C30-89BF-12595A150EE5}.Debug|Any CPU.Build.0 = Debug|Any CPU
		{C60C946C-EB2D-4C30-89BF-12595A150EE5}.Release|Any CPU.ActiveCfg = Release|Any CPU
		{C60C946C-EB2D-4C30-89BF-12595A150EE5}.Release|Any CPU.Build.0 = Release|Any CPU
		{223F4510-372C-495C-AF75-7F5DAF5B8AC1}.Debug|Any CPU.ActiveCfg = Debug|Any CPU
		{223F4510-372C-495C-AF75-7F5DAF5B8AC1}.Debug|Any CPU.Build.0 = Debug|Any CPU
		{223F4510-372C-495C-AF75-7F5DAF5B8AC1}.Release|Any CPU.ActiveCfg = Release|Any CPU
		{223F4510-372C-495C-AF75-7F5DAF5B8AC1}.Release|Any CPU.Build.0 = Release|Any CPU
		{EAE86673-0CE0-4AB6-B514-7ED07C43AB2F}.Debug|Any CPU.ActiveCfg = Debug|Any CPU
		{EAE86673-0CE0-4AB6-B514-7ED07C43AB2F}.Debug|Any CPU.Build.0 = Debug|Any CPU
		{EAE86673-0CE0-4AB6-B514-7ED07C43AB2F}.Release|Any CPU.ActiveCfg = Release|Any CPU
		{EAE86673-0CE0-4AB6-B514-7ED07C43AB2F}.Release|Any CPU.Build.0 = Release|Any CPU
		{47A3DAFC-85C8-4FF0-9A30-CF1BB10F8445}.Debug|Any CPU.ActiveCfg = Debug|Any CPU
		{47A3DAFC-85C8-4FF0-9A30-CF1BB10F8445}.Debug|Any CPU.Build.0 = Debug|Any CPU
		{47A3DAFC-85C8-4FF0-9A30-CF1BB10F8445}.Release|Any CPU.ActiveCfg = Release|Any CPU
		{47A3DAFC-85C8-4FF0-9A30-CF1BB10F8445}.Release|Any CPU.Build.0 = Release|Any CPU
		{5439B4C5-9288-4A5C-ABE4-BDA2A29BC316}.Debug|Any CPU.ActiveCfg = Debug|Any CPU
		{5439B4C5-9288-4A5C-ABE4-BDA2A29BC316}.Debug|Any CPU.Build.0 = Debug|Any CPU
		{5439B4C5-9288-4A5C-ABE4-BDA2A29BC316}.Release|Any CPU.ActiveCfg = Release|Any CPU
		{5439B4C5-9288-4A5C-ABE4-BDA2A29BC316}.Release|Any CPU.Build.0 = Release|Any CPU
		{995138D8-A516-452E-8FAB-B7B8972A4BE5}.Debug|Any CPU.ActiveCfg = Debug|Any CPU
		{995138D8-A516-452E-8FAB-B7B8972A4BE5}.Debug|Any CPU.Build.0 = Debug|Any CPU
		{995138D8-A516-452E-8FAB-B7B8972A4BE5}.Release|Any CPU.ActiveCfg = Release|Any CPU
		{995138D8-A516-452E-8FAB-B7B8972A4BE5}.Release|Any CPU.Build.0 = Release|Any CPU
		{59C36F91-73F7-4118-8A83-07A98B5480CF}.Debug|Any CPU.ActiveCfg = Debug|Any CPU
		{59C36F91-73F7-4118-8A83-07A98B5480CF}.Debug|Any CPU.Build.0 = Debug|Any CPU
		{59C36F91-73F7-4118-8A83-07A98B5480CF}.Release|Any CPU.ActiveCfg = Release|Any CPU
		{59C36F91-73F7-4118-8A83-07A98B5480CF}.Release|Any CPU.Build.0 = Release|Any CPU
		{7231E849-8AD1-4D19-B75F-C78755300D0F}.Debug|Any CPU.ActiveCfg = Debug|Any CPU
		{7231E849-8AD1-4D19-B75F-C78755300D0F}.Debug|Any CPU.Build.0 = Debug|Any CPU
		{7231E849-8AD1-4D19-B75F-C78755300D0F}.Release|Any CPU.ActiveCfg = Release|Any CPU
		{7231E849-8AD1-4D19-B75F-C78755300D0F}.Release|Any CPU.Build.0 = Release|Any CPU
		{846F3907-46F2-4A92-AD3C-58BFE2C00BD1}.Debug|Any CPU.ActiveCfg = Debug|Any CPU
		{846F3907-46F2-4A92-AD3C-58BFE2C00BD1}.Debug|Any CPU.Build.0 = Debug|Any CPU
		{846F3907-46F2-4A92-AD3C-58BFE2C00BD1}.Release|Any CPU.ActiveCfg = Release|Any CPU
		{846F3907-46F2-4A92-AD3C-58BFE2C00BD1}.Release|Any CPU.Build.0 = Release|Any CPU
		{FA504D60-8BE7-4D27-9AB1-1830EA96E298}.Debug|Any CPU.ActiveCfg = Debug|Any CPU
		{FA504D60-8BE7-4D27-9AB1-1830EA96E298}.Debug|Any CPU.Build.0 = Debug|Any CPU
		{FA504D60-8BE7-4D27-9AB1-1830EA96E298}.Release|Any CPU.ActiveCfg = Release|Any CPU
		{FA504D60-8BE7-4D27-9AB1-1830EA96E298}.Release|Any CPU.Build.0 = Release|Any CPU
		{2DC1B130-2D35-4A1D-AB15-7EA3AD66F24E}.Debug|Any CPU.ActiveCfg = Debug|Any CPU
		{2DC1B130-2D35-4A1D-AB15-7EA3AD66F24E}.Debug|Any CPU.Build.0 = Debug|Any CPU
		{2DC1B130-2D35-4A1D-AB15-7EA3AD66F24E}.Release|Any CPU.ActiveCfg = Release|Any CPU
		{2DC1B130-2D35-4A1D-AB15-7EA3AD66F24E}.Release|Any CPU.Build.0 = Release|Any CPU
		{2778568F-08DD-4D89-B984-3BF9DDAF496E}.Debug|Any CPU.ActiveCfg = Debug|Any CPU
		{2778568F-08DD-4D89-B984-3BF9DDAF496E}.Debug|Any CPU.Build.0 = Debug|Any CPU
		{2778568F-08DD-4D89-B984-3BF9DDAF496E}.Release|Any CPU.ActiveCfg = Release|Any CPU
		{2778568F-08DD-4D89-B984-3BF9DDAF496E}.Release|Any CPU.Build.0 = Release|Any CPU
		{A7688F2D-AECA-4A56-8F35-BC01D79D7154}.Debug|Any CPU.ActiveCfg = Debug|Any CPU
		{A7688F2D-AECA-4A56-8F35-BC01D79D7154}.Debug|Any CPU.Build.0 = Debug|Any CPU
		{A7688F2D-AECA-4A56-8F35-BC01D79D7154}.Release|Any CPU.ActiveCfg = Release|Any CPU
		{A7688F2D-AECA-4A56-8F35-BC01D79D7154}.Release|Any CPU.Build.0 = Release|Any CPU
		{B610D8AC-B65F-01AA-4B73-1901DA674FF5}.Debug|Any CPU.ActiveCfg = Debug|Any CPU
		{B610D8AC-B65F-01AA-4B73-1901DA674FF5}.Debug|Any CPU.Build.0 = Debug|Any CPU
		{B610D8AC-B65F-01AA-4B73-1901DA674FF5}.Release|Any CPU.ActiveCfg = Release|Any CPU
		{B610D8AC-B65F-01AA-4B73-1901DA674FF5}.Release|Any CPU.Build.0 = Release|Any CPU
	EndGlobalSection
	GlobalSection(SolutionProperties) = preSolution
		HideSolutionNode = FALSE
	EndGlobalSection
	GlobalSection(NestedProjects) = preSolution
		{EF10BE86-A207-4091-8241-7BF4C2960D32} = {CA56E7A4-DB22-4CEE-961F-70CA007DC62B}
		{CB9BED55-567D-4B39-930B-758EA2C644AE} = {CA56E7A4-DB22-4CEE-961F-70CA007DC62B}
		{FFFBE55E-3670-41E6-8F1D-A6A9D45E5220} = {CA56E7A4-DB22-4CEE-961F-70CA007DC62B}
		{0FFFEFA1-AA5E-47E0-BEA2-B0313A9051E4} = {CA56E7A4-DB22-4CEE-961F-70CA007DC62B}
		{CA56E7A4-DB22-4CEE-961F-70CA007DC62B} = {02EA681E-C7D8-13C7-8484-4AC65E1B71E8}
		{26E34F25-6FB2-4292-AABC-4BBCEB1161D9} = {02EA681E-C7D8-13C7-8484-4AC65E1B71E8}
		{ECB10E9B-FAE2-43DC-B8F1-27E44C16229D} = {26E34F25-6FB2-4292-AABC-4BBCEB1161D9}
		{E72859B8-A0FF-4EF4-8834-A492677DA713} = {26E34F25-6FB2-4292-AABC-4BBCEB1161D9}
		{0DDFDDCA-E3BF-4D81-B42C-411733911159} = {26E34F25-6FB2-4292-AABC-4BBCEB1161D9}
		{832AF205-3674-4C58-AA2F-4D656FDDF584} = {02EA681E-C7D8-13C7-8484-4AC65E1B71E8}
		{16D2715B-1E2C-4142-9448-0B82C8978C97} = {832AF205-3674-4C58-AA2F-4D656FDDF584}
		{4C691817-2B8C-4CB6-AC55-3758DEEBB4EA} = {832AF205-3674-4C58-AA2F-4D656FDDF584}
		{6063C898-85A7-4676-854A-82784BDD3E6C} = {832AF205-3674-4C58-AA2F-4D656FDDF584}
		{218F08AB-313E-4028-BD3A-9D6EF3844B18} = {832AF205-3674-4C58-AA2F-4D656FDDF584}
		{7EEA2A66-E6A8-49C2-A5A5-75D72A88A359} = {02EA681E-C7D8-13C7-8484-4AC65E1B71E8}
		{E35D4DEF-7FA8-4693-8CAF-1036871EBB44} = {7EEA2A66-E6A8-49C2-A5A5-75D72A88A359}
		{7A314693-5409-431D-A23B-D94D3BB9260E} = {7EEA2A66-E6A8-49C2-A5A5-75D72A88A359}
		{10854E14-EECF-4EFC-8DEA-8D4B177E4023} = {7EEA2A66-E6A8-49C2-A5A5-75D72A88A359}
		{9C3A46A1-C71E-48F4-8E92-BD3EB36CB450} = {7EEA2A66-E6A8-49C2-A5A5-75D72A88A359}
		{75BE548C-56BD-40D7-A222-3953AFE4CF86} = {02EA681E-C7D8-13C7-8484-4AC65E1B71E8}
		{99146B2C-EA07-4D0B-A533-28CEB9618977} = {75BE548C-56BD-40D7-A222-3953AFE4CF86}
		{6E4CB7E5-1BD1-4CE0-AC99-CC952D37E9BE} = {75BE548C-56BD-40D7-A222-3953AFE4CF86}
		{62FF618B-03AB-4828-95FF-B9279747B938} = {75BE548C-56BD-40D7-A222-3953AFE4CF86}
		{11812C4C-22A0-4651-8B78-379CF358576F} = {75BE548C-56BD-40D7-A222-3953AFE4CF86}
		{92CD4BD1-28B8-4F70-B2F2-46EF88AA190E} = {02EA681E-C7D8-13C7-8484-4AC65E1B71E8}
		{DFF0B335-8EBF-4020-8CEF-59A88E9B82AC} = {92CD4BD1-28B8-4F70-B2F2-46EF88AA190E}
		{EE9CC81C-A874-47BA-A36D-B0BCCFEDF9E5} = {92CD4BD1-28B8-4F70-B2F2-46EF88AA190E}
		{17C14384-6999-488D-9D97-03FE52FEA67B} = {92CD4BD1-28B8-4F70-B2F2-46EF88AA190E}
		{C60C946C-EB2D-4C30-89BF-12595A150EE5} = {92CD4BD1-28B8-4F70-B2F2-46EF88AA190E}
		{4B180D4E-7CD1-4F63-B83C-75DF4A5781F3} = {02EA681E-C7D8-13C7-8484-4AC65E1B71E8}
		{223F4510-372C-495C-AF75-7F5DAF5B8AC1} = {4B180D4E-7CD1-4F63-B83C-75DF4A5781F3}
		{EAE86673-0CE0-4AB6-B514-7ED07C43AB2F} = {4B180D4E-7CD1-4F63-B83C-75DF4A5781F3}
		{47A3DAFC-85C8-4FF0-9A30-CF1BB10F8445} = {4B180D4E-7CD1-4F63-B83C-75DF4A5781F3}
		{5439B4C5-9288-4A5C-ABE4-BDA2A29BC316} = {4B180D4E-7CD1-4F63-B83C-75DF4A5781F3}
		{58A3529B-F2B3-4A16-A644-849E2A4C8064} = {02EA681E-C7D8-13C7-8484-4AC65E1B71E8}
		{995138D8-A516-452E-8FAB-B7B8972A4BE5} = {58A3529B-F2B3-4A16-A644-849E2A4C8064}
		{59C36F91-73F7-4118-8A83-07A98B5480CF} = {58A3529B-F2B3-4A16-A644-849E2A4C8064}
		{7231E849-8AD1-4D19-B75F-C78755300D0F} = {58A3529B-F2B3-4A16-A644-849E2A4C8064}
		{846F3907-46F2-4A92-AD3C-58BFE2C00BD1} = {58A3529B-F2B3-4A16-A644-849E2A4C8064}
		{50CA10BE-2707-4E77-A0C9-0A88D564B683} = {02EA681E-C7D8-13C7-8484-4AC65E1B71E8}
		{FA504D60-8BE7-4D27-9AB1-1830EA96E298} = {50CA10BE-2707-4E77-A0C9-0A88D564B683}
		{2DC1B130-2D35-4A1D-AB15-7EA3AD66F24E} = {50CA10BE-2707-4E77-A0C9-0A88D564B683}
		{2778568F-08DD-4D89-B984-3BF9DDAF496E} = {50CA10BE-2707-4E77-A0C9-0A88D564B683}
		{A7688F2D-AECA-4A56-8F35-BC01D79D7154} = {50CA10BE-2707-4E77-A0C9-0A88D564B683}
		{B610D8AC-B65F-01AA-4B73-1901DA674FF5} = {26E34F25-6FB2-4292-AABC-4BBCEB1161D9}
	EndGlobalSection
	GlobalSection(ExtensibilityGlobals) = postSolution
		SolutionGuid = {1B63EFB8-D7BD-41DA-A1D4-CC7627BB034C}
	EndGlobalSection
EndGlobal
